{
  "version": 4,
  "terraform_version": "1.10.5",
  "serial": 3,
  "lineage": "6e3a119a-959a-3abd-c214-2d14b4e549be",
  "outputs": {
    "ecr_repository_url": {
      "value": "837275210702.dkr.ecr.ap-south-1.amazonaws.com/houseofit-591853",
      "type": "string"
    }
  },
  "resources": [
    {
      "mode": "data",
      "type": "aws_secretsmanager_secret",
      "name": "aws_creds",
      "provider": "provider[\"registry.terraform.io/hashicorp/aws\"].secrets",
      "instances": [
        {
          "schema_version": 0,
          "attributes": {
            "arn": "arn:aws:secretsmanager:ap-south-1:448049811369:secret:InstantHost-CzouUj",
            "created_date": "2025-02-21T10:58:20Z",
            "description": "",
            "id": "arn:aws:secretsmanager:ap-south-1:448049811369:secret:InstantHost-CzouUj",
            "kms_key_id": "",
            "last_changed_date": "2025-02-22T17:30:54Z",
            "name": "InstantHost",
            "policy": "",
            "tags": {}
          },
          "sensitive_attributes": []
        }
      ]
    },
    {
      "mode": "data",
      "type": "aws_secretsmanager_secret_version",
      "name": "aws_creds_version",
      "provider": "provider[\"registry.terraform.io/hashicorp/aws\"].secrets",
      "instances": [
        {
          "schema_version": 0,
          "attributes": {
            "arn": "arn:aws:secretsmanager:ap-south-1:448049811369:secret:InstantHost-CzouUj",
            "created_date": "2025-02-22T17:30:54Z",
            "id": "arn:aws:secretsmanager:ap-south-1:448049811369:secret:InstantHost-CzouUj|AWSCURRENT",
            "secret_binary": "",
            "secret_id": "arn:aws:secretsmanager:ap-south-1:448049811369:secret:InstantHost-CzouUj",
            "secret_string": "{\"test\":\"test_value\",\"test2\":\"test2_value\",\"bhimani\":\"vasu\",\"vasu-username\":\"AKIA4F4L52PHB6Q2H7O6\",\"vasu-password\":\"aLxgsDjTHFmWpKt+HM1iLxKyZOSSKfLasd2R32Ip\"}",
            "version_id": "72a3157a-8777-4c17-bfa1-7c33480c9dd1",
            "version_stage": "AWSCURRENT",
            "version_stages": [
              "AWSCURRENT"
            ]
          },
          "sensitive_attributes": [
            [
              {
                "type": "get_attr",
                "value": "secret_string"
              }
            ],
            [
              {
                "type": "get_attr",
                "value": "secret_binary"
              }
            ]
          ]
        }
      ]
    },
    {
      "mode": "managed",
      "type": "aws_ecr_repository",
      "name": "my_ecr_repo",
      "provider": "provider[\"registry.terraform.io/hashicorp/aws\"]",
      "instances": [
        {
          "schema_version": 0,
          "attributes": {
            "arn": "arn:aws:ecr:ap-south-1:837275210702:repository/houseofit-591853",
            "encryption_configuration": [
              {
                "encryption_type": "AES256",
                "kms_key": ""
              }
            ],
            "force_delete": null,
            "id": "houseofit-591853",
            "image_scanning_configuration": [
              {
                "scan_on_push": true
              }
            ],
            "image_tag_mutability": "MUTABLE",
            "name": "houseofit-591853",
            "registry_id": "837275210702",
            "repository_url": "837275210702.dkr.ecr.ap-south-1.amazonaws.com/houseofit-591853",
            "tags": null,
            "tags_all": {},
            "timeouts": null
          },
          "sensitive_attributes": [],
          "private": "eyJlMmJmYjczMC1lY2FhLTExZTYtOGY4OC0zNDM2M2JjN2M0YzAiOnsiZGVsZXRlIjoxMjAwMDAwMDAwMDAwfX0=",
          "dependencies": [
            "data.aws_secretsmanager_secret.aws_creds",
            "data.aws_secretsmanager_secret_version.aws_creds_version",
            "random_id.ecr_suffix"
          ]
        }
      ]
    },
    {
      "mode": "managed",
      "type": "random_id",
      "name": "ecr_suffix",
      "provider": "provider[\"registry.terraform.io/hashicorp/random\"]",
      "instances": [
        {
          "schema_version": 0,
          "attributes": {
            "b64_std": "WRhT",
            "b64_url": "WRhT",
            "byte_length": 3,
            "dec": "5838931",
            "hex": "591853",
            "id": "WRhT",
            "keepers": null,
            "prefix": null
          },
          "sensitive_attributes": []
        }
      ]
    }
  ],
  "check_results": null
}
